
Microsoft Visual Studio Solution File, Format Version 11.00
# Visual Studio 2010
Project("{2150E333-8FDC-42A3-9474-1A3956D46DE8}") = "Core", "Core", "{A5A7AB37-1DF6-48A4-A310-60A885DF945C}"
EndProject
Project("{2150E333-8FDC-42A3-9474-1A3956D46DE8}") = "XbmcCopier", "XbmcCopier", "{CF895FF4-3527-43D3-A8CF-ADC7FA66194E}"
EndProject
Project("{2150E333-8FDC-42A3-9474-1A3956D46DE8}") = "Src", "Src", "{6C0DC6C1-74B2-40D0-91FB-EF459694CA15}"
EndProject
Project("{2150E333-8FDC-42A3-9474-1A3956D46DE8}") = "Tests", "Tests", "{9BC335AD-4C8A-4E71-BDBB-6A7ACCC5F1E3}"
EndProject
Project("{2150E333-8FDC-42A3-9474-1A3956D46DE8}") = "Src", "Src", "{9EF9625E-0BE9-4EE1-8A22-DA48EED8528B}"
EndProject
Project("{2150E333-8FDC-42A3-9474-1A3956D46DE8}") = "Tests", "Tests", "{2D4ADA40-2EE0-46EB-A8FB-965B07049E31}"
EndProject
Project("{FAE04EC0-301F-11D3-BF4B-00C04F79EFBC}") = "Oleg.Kleyman.Xbmc.Copier.Tests.Integration", "..\XbmcCopier\Tests\Integration\Oleg.Kleyman.Xbmc.Copier.Tests.Integration\Oleg.Kleyman.Xbmc.Copier.Tests.Integration.csproj", "{1EE005F8-D012-4DC2-B3C0-257B73F19DF7}"
EndProject
Project("{2150E333-8FDC-42A3-9474-1A3956D46DE8}") = "Unit", "Unit", "{BCEBFEB4-F285-42EA-8FC6-6ACEB0BD7BCD}"
EndProject
Project("{2150E333-8FDC-42A3-9474-1A3956D46DE8}") = "Integration", "Integration", "{BAFC8C4C-ACA8-477B-9617-3181DA584394}"
EndProject
Project("{FAE04EC0-301F-11D3-BF4B-00C04F79EFBC}") = "Oleg.Kleyman.Xbmc.Copier.Core.Tests", "..\XbmcCopier\Tests\Unit\Oleg.Kleyman.Xbmc.Copier.Core.Tests\Oleg.Kleyman.Xbmc.Copier.Core.Tests.csproj", "{E322BAB9-83CA-48B7-B97E-E7E04BD6E369}"
EndProject
Project("{2150E333-8FDC-42A3-9474-1A3956D46DE8}") = "Integration", "Integration", "{6502ADB9-1314-4A80-9C26-E3E511667716}"
EndProject
Project("{2150E333-8FDC-42A3-9474-1A3956D46DE8}") = "Unit", "Unit", "{4368C001-973D-443C-9E71-EACA1AD13111}"
EndProject
Project("{FAE04EC0-301F-11D3-BF4B-00C04F79EFBC}") = "Oleg.Kleyman.Core.Tests", "..\Core\Tests\Unit\Oleg.Kleyman.Core.Tests\Oleg.Kleyman.Core.Tests.csproj", "{036140E5-8AF1-4F93-A740-F70D5A5097BF}"
EndProject
Project("{FAE04EC0-301F-11D3-BF4B-00C04F79EFBC}") = "Oleg.Kleyman.Tests.Core.Tests", "..\Core\Tests\Unit\Oleg.Kleyman.Tests.Core.Tests\Oleg.Kleyman.Tests.Core.Tests.csproj", "{A8C165C7-CAC1-4E3F-8C51-BD9E0B81B9D5}"
EndProject
Project("{FAE04EC0-301F-11D3-BF4B-00C04F79EFBC}") = "Oleg.Kleyman.Xbmc.Copier", "..\XbmcCopier\Src\Oleg.Kleyman.Xbmc.Copier\Oleg.Kleyman.Xbmc.Copier.csproj", "{DFF1AA3C-E4F8-41E9-A3F9-93170ED86A2B}"
EndProject
Project("{FAE04EC0-301F-11D3-BF4B-00C04F79EFBC}") = "Oleg.Kleyman.Xbmc.Copier.Core", "..\XbmcCopier\Src\Oleg.Kleyman.Xbmc.Copier.Core\Oleg.Kleyman.Xbmc.Copier.Core.csproj", "{FB57E4D2-D4A3-40DC-918F-58AEF6D3E275}"
EndProject
Project("{FAE04EC0-301F-11D3-BF4B-00C04F79EFBC}") = "Oleg.Kleyman.Core", "..\Core\Src\Oleg.Kleyman.Core\Oleg.Kleyman.Core.csproj", "{0675E555-1684-4D3F-8423-C3CA2D9C5D71}"
EndProject
Project("{FAE04EC0-301F-11D3-BF4B-00C04F79EFBC}") = "Oleg.Kleyman.Tests.Core", "..\Core\Src\Oleg.Kleyman.Tests.Core\Oleg.Kleyman.Tests.Core.csproj", "{E5860385-4532-4BDA-B835-ED7073BCEA31}"
EndProject
Global
	GlobalSection(SolutionConfigurationPlatforms) = preSolution
		Debug|Any CPU = Debug|Any CPU
		Debug|x64 = Debug|x64
		Debug|x86 = Debug|x86
		Release|Any CPU = Release|Any CPU
		Release|x64 = Release|x64
		Release|x86 = Release|x86
	EndGlobalSection
	GlobalSection(ProjectConfigurationPlatforms) = postSolution
		{1EE005F8-D012-4DC2-B3C0-257B73F19DF7}.Debug|Any CPU.ActiveCfg = Debug|Any CPU
		{1EE005F8-D012-4DC2-B3C0-257B73F19DF7}.Debug|Any CPU.Build.0 = Debug|Any CPU
		{1EE005F8-D012-4DC2-B3C0-257B73F19DF7}.Debug|x64.ActiveCfg = Debug|Any CPU
		{1EE005F8-D012-4DC2-B3C0-257B73F19DF7}.Debug|x86.ActiveCfg = Debug|Any CPU
		{1EE005F8-D012-4DC2-B3C0-257B73F19DF7}.Release|Any CPU.ActiveCfg = Release|Any CPU
		{1EE005F8-D012-4DC2-B3C0-257B73F19DF7}.Release|Any CPU.Build.0 = Release|Any CPU
		{1EE005F8-D012-4DC2-B3C0-257B73F19DF7}.Release|x64.ActiveCfg = Release|Any CPU
		{1EE005F8-D012-4DC2-B3C0-257B73F19DF7}.Release|x86.ActiveCfg = Release|Any CPU
		{E322BAB9-83CA-48B7-B97E-E7E04BD6E369}.Debug|Any CPU.ActiveCfg = Debug|Any CPU
		{E322BAB9-83CA-48B7-B97E-E7E04BD6E369}.Debug|Any CPU.Build.0 = Debug|Any CPU
		{E322BAB9-83CA-48B7-B97E-E7E04BD6E369}.Debug|x64.ActiveCfg = Debug|Any CPU
		{E322BAB9-83CA-48B7-B97E-E7E04BD6E369}.Debug|x86.ActiveCfg = Debug|Any CPU
		{E322BAB9-83CA-48B7-B97E-E7E04BD6E369}.Release|Any CPU.ActiveCfg = Release|Any CPU
		{E322BAB9-83CA-48B7-B97E-E7E04BD6E369}.Release|Any CPU.Build.0 = Release|Any CPU
		{E322BAB9-83CA-48B7-B97E-E7E04BD6E369}.Release|x64.ActiveCfg = Release|Any CPU
		{E322BAB9-83CA-48B7-B97E-E7E04BD6E369}.Release|x86.ActiveCfg = Release|Any CPU
		{036140E5-8AF1-4F93-A740-F70D5A5097BF}.Debug|Any CPU.ActiveCfg = Debug|Any CPU
		{036140E5-8AF1-4F93-A740-F70D5A5097BF}.Debug|Any CPU.Build.0 = Debug|Any CPU
		{036140E5-8AF1-4F93-A740-F70D5A5097BF}.Debug|x64.ActiveCfg = Debug|Any CPU
		{036140E5-8AF1-4F93-A740-F70D5A5097BF}.Debug|x86.ActiveCfg = Debug|Any CPU
		{036140E5-8AF1-4F93-A740-F70D5A5097BF}.Release|Any CPU.ActiveCfg = Release|Any CPU
		{036140E5-8AF1-4F93-A740-F70D5A5097BF}.Release|Any CPU.Build.0 = Release|Any CPU
		{036140E5-8AF1-4F93-A740-F70D5A5097BF}.Release|x64.ActiveCfg = Release|Any CPU
		{036140E5-8AF1-4F93-A740-F70D5A5097BF}.Release|x86.ActiveCfg = Release|Any CPU
		{A8C165C7-CAC1-4E3F-8C51-BD9E0B81B9D5}.Debug|Any CPU.ActiveCfg = Debug|Any CPU
		{A8C165C7-CAC1-4E3F-8C51-BD9E0B81B9D5}.Debug|Any CPU.Build.0 = Debug|Any CPU
		{A8C165C7-CAC1-4E3F-8C51-BD9E0B81B9D5}.Debug|x64.ActiveCfg = Debug|Any CPU
		{A8C165C7-CAC1-4E3F-8C51-BD9E0B81B9D5}.Debug|x86.ActiveCfg = Debug|Any CPU
		{A8C165C7-CAC1-4E3F-8C51-BD9E0B81B9D5}.Release|Any CPU.ActiveCfg = Release|Any CPU
		{A8C165C7-CAC1-4E3F-8C51-BD9E0B81B9D5}.Release|Any CPU.Build.0 = Release|Any CPU
		{A8C165C7-CAC1-4E3F-8C51-BD9E0B81B9D5}.Release|x64.ActiveCfg = Release|Any CPU
		{A8C165C7-CAC1-4E3F-8C51-BD9E0B81B9D5}.Release|x86.ActiveCfg = Release|Any CPU
		{DFF1AA3C-E4F8-41E9-A3F9-93170ED86A2B}.Debug|Any CPU.ActiveCfg = Debug|Any CPU
		{DFF1AA3C-E4F8-41E9-A3F9-93170ED86A2B}.Debug|Any CPU.Build.0 = Debug|Any CPU
		{DFF1AA3C-E4F8-41E9-A3F9-93170ED86A2B}.Debug|x64.ActiveCfg = Debug|x64
		{DFF1AA3C-E4F8-41E9-A3F9-93170ED86A2B}.Debug|x64.Build.0 = Debug|x64
		{DFF1AA3C-E4F8-41E9-A3F9-93170ED86A2B}.Debug|x86.ActiveCfg = Debug|x86
		{DFF1AA3C-E4F8-41E9-A3F9-93170ED86A2B}.Debug|x86.Build.0 = Debug|x86
		{DFF1AA3C-E4F8-41E9-A3F9-93170ED86A2B}.Release|Any CPU.ActiveCfg = Release|Any CPU
		{DFF1AA3C-E4F8-41E9-A3F9-93170ED86A2B}.Release|Any CPU.Build.0 = Release|Any CPU
		{DFF1AA3C-E4F8-41E9-A3F9-93170ED86A2B}.Release|x64.ActiveCfg = Release|x64
		{DFF1AA3C-E4F8-41E9-A3F9-93170ED86A2B}.Release|x64.Build.0 = Release|x64
		{DFF1AA3C-E4F8-41E9-A3F9-93170ED86A2B}.Release|x86.ActiveCfg = Release|x86
		{DFF1AA3C-E4F8-41E9-A3F9-93170ED86A2B}.Release|x86.Build.0 = Release|x86
		{FB57E4D2-D4A3-40DC-918F-58AEF6D3E275}.Debug|Any CPU.ActiveCfg = Debug|Any CPU
		{FB57E4D2-D4A3-40DC-918F-58AEF6D3E275}.Debug|Any CPU.Build.0 = Debug|Any CPU
		{FB57E4D2-D4A3-40DC-918F-58AEF6D3E275}.Debug|x64.ActiveCfg = Debug|Any CPU
		{FB57E4D2-D4A3-40DC-918F-58AEF6D3E275}.Debug|x86.ActiveCfg = Debug|Any CPU
		{FB57E4D2-D4A3-40DC-918F-58AEF6D3E275}.Release|Any CPU.ActiveCfg = Release|Any CPU
		{FB57E4D2-D4A3-40DC-918F-58AEF6D3E275}.Release|Any CPU.Build.0 = Release|Any CPU
		{FB57E4D2-D4A3-40DC-918F-58AEF6D3E275}.Release|x64.ActiveCfg = Release|Any CPU
		{FB57E4D2-D4A3-40DC-918F-58AEF6D3E275}.Release|x86.ActiveCfg = Release|Any CPU
		{0675E555-1684-4D3F-8423-C3CA2D9C5D71}.Debug|Any CPU.ActiveCfg = Debug|Any CPU
		{0675E555-1684-4D3F-8423-C3CA2D9C5D71}.Debug|Any CPU.Build.0 = Debug|Any CPU
		{0675E555-1684-4D3F-8423-C3CA2D9C5D71}.Debug|x64.ActiveCfg = Debug|Any CPU
		{0675E555-1684-4D3F-8423-C3CA2D9C5D71}.Debug|x86.ActiveCfg = Debug|Any CPU
		{0675E555-1684-4D3F-8423-C3CA2D9C5D71}.Release|Any CPU.ActiveCfg = Release|Any CPU
		{0675E555-1684-4D3F-8423-C3CA2D9C5D71}.Release|Any CPU.Build.0 = Release|Any CPU
		{0675E555-1684-4D3F-8423-C3CA2D9C5D71}.Release|x64.ActiveCfg = Release|Any CPU
		{0675E555-1684-4D3F-8423-C3CA2D9C5D71}.Release|x86.ActiveCfg = Release|Any CPU
		{E5860385-4532-4BDA-B835-ED7073BCEA31}.Debug|Any CPU.ActiveCfg = Debug|Any CPU
		{E5860385-4532-4BDA-B835-ED7073BCEA31}.Debug|Any CPU.Build.0 = Debug|Any CPU
		{E5860385-4532-4BDA-B835-ED7073BCEA31}.Debug|x64.ActiveCfg = Debug|Any CPU
		{E5860385-4532-4BDA-B835-ED7073BCEA31}.Debug|x86.ActiveCfg = Debug|Any CPU
		{E5860385-4532-4BDA-B835-ED7073BCEA31}.Release|Any CPU.ActiveCfg = Release|Any CPU
		{E5860385-4532-4BDA-B835-ED7073BCEA31}.Release|Any CPU.Build.0 = Release|Any CPU
		{E5860385-4532-4BDA-B835-ED7073BCEA31}.Release|x64.ActiveCfg = Release|Any CPU
		{E5860385-4532-4BDA-B835-ED7073BCEA31}.Release|x86.ActiveCfg = Release|Any CPU
	EndGlobalSection
	GlobalSection(SolutionProperties) = preSolution
		HideSolutionNode = FALSE
	EndGlobalSection
	GlobalSection(NestedProjects) = preSolution
		{6C0DC6C1-74B2-40D0-91FB-EF459694CA15} = {A5A7AB37-1DF6-48A4-A310-60A885DF945C}
		{9BC335AD-4C8A-4E71-BDBB-6A7ACCC5F1E3} = {A5A7AB37-1DF6-48A4-A310-60A885DF945C}
		{9EF9625E-0BE9-4EE1-8A22-DA48EED8528B} = {CF895FF4-3527-43D3-A8CF-ADC7FA66194E}
		{2D4ADA40-2EE0-46EB-A8FB-965B07049E31} = {CF895FF4-3527-43D3-A8CF-ADC7FA66194E}
		{0675E555-1684-4D3F-8423-C3CA2D9C5D71} = {6C0DC6C1-74B2-40D0-91FB-EF459694CA15}
		{E5860385-4532-4BDA-B835-ED7073BCEA31} = {6C0DC6C1-74B2-40D0-91FB-EF459694CA15}
		{6502ADB9-1314-4A80-9C26-E3E511667716} = {9BC335AD-4C8A-4E71-BDBB-6A7ACCC5F1E3}
		{4368C001-973D-443C-9E71-EACA1AD13111} = {9BC335AD-4C8A-4E71-BDBB-6A7ACCC5F1E3}
		{DFF1AA3C-E4F8-41E9-A3F9-93170ED86A2B} = {9EF9625E-0BE9-4EE1-8A22-DA48EED8528B}
		{FB57E4D2-D4A3-40DC-918F-58AEF6D3E275} = {9EF9625E-0BE9-4EE1-8A22-DA48EED8528B}
		{BCEBFEB4-F285-42EA-8FC6-6ACEB0BD7BCD} = {2D4ADA40-2EE0-46EB-A8FB-965B07049E31}
		{BAFC8C4C-ACA8-477B-9617-3181DA584394} = {2D4ADA40-2EE0-46EB-A8FB-965B07049E31}
		{E322BAB9-83CA-48B7-B97E-E7E04BD6E369} = {BCEBFEB4-F285-42EA-8FC6-6ACEB0BD7BCD}
		{1EE005F8-D012-4DC2-B3C0-257B73F19DF7} = {BAFC8C4C-ACA8-477B-9617-3181DA584394}
		{036140E5-8AF1-4F93-A740-F70D5A5097BF} = {4368C001-973D-443C-9E71-EACA1AD13111}
		{A8C165C7-CAC1-4E3F-8C51-BD9E0B81B9D5} = {4368C001-973D-443C-9E71-EACA1AD13111}
	EndGlobalSection
EndGlobal
