
Microsoft Visual Studio Solution File, Format Version 12.00
# Visual Studio 2012
Project("{2150E333-8FDC-42A3-9474-1A3956D46DE8}") = "Tests", "Tests", "{92B86929-5B59-4725-8088-C465FB4526DD}"
EndProject
Project("{2150E333-8FDC-42A3-9474-1A3956D46DE8}") = "Core", "Core", "{5AB51E71-F1B7-4D23-8FC2-8F53A443487A}"
EndProject
Project("{FAE04EC0-301F-11D3-BF4B-00C04F79EFBC}") = "Oleg.Kleyman.Core", "Src\Oleg.Kleyman.Core\Oleg.Kleyman.Core.csproj", "{0675E555-1684-4D3F-8423-C3CA2D9C5D71}"
EndProject
Project("{FAE04EC0-301F-11D3-BF4B-00C04F79EFBC}") = "Oleg.Kleyman.Tests.Core", "Src\Oleg.Kleyman.Tests.Core\Oleg.Kleyman.Tests.Core.csproj", "{E5860385-4532-4BDA-B835-ED7073BCEA31}"
EndProject
Project("{FAE04EC0-301F-11D3-BF4B-00C04F79EFBC}") = "Oleg.Kleyman.Core.Tests", "Tests\Unit\Oleg.Kleyman.Core.Tests\Oleg.Kleyman.Core.Tests.csproj", "{036140E5-8AF1-4F93-A740-F70D5A5097BF}"
EndProject
Project("{FAE04EC0-301F-11D3-BF4B-00C04F79EFBC}") = "Oleg.Kleyman.Tests.Core.Tests", "Tests\Unit\Oleg.Kleyman.Tests.Core.Tests\Oleg.Kleyman.Tests.Core.Tests.csproj", "{A8C165C7-CAC1-4E3F-8C51-BD9E0B81B9D5}"
EndProject
Project("{2150E333-8FDC-42A3-9474-1A3956D46DE8}") = "Integration", "Integration", "{801C0731-0169-4B64-B23B-C4E9479F01FA}"
EndProject
Project("{FAE04EC0-301F-11D3-BF4B-00C04F79EFBC}") = "Oleg.Kleyman.Core.Tests.Integration", "Tests\Integration\Oleg.Kleyman.Core.Tests.Integration\Oleg.Kleyman.Core.Tests.Integration.csproj", "{DF64518E-4A2B-4DF7-9D99-D0650C7D06DF}"
EndProject
Project("{FAE04EC0-301F-11D3-BF4B-00C04F79EFBC}") = "Oleg.Kleyman.Winrar.Interop.Tests.Integration", "Tests\Integration\Oleg.Kleyman.Winrar.Interop.Tests.Integration\Oleg.Kleyman.Winrar.Interop.Tests.Integration.csproj", "{A5ABABAB-9756-46E1-8719-0C5A45F84BCE}"
EndProject
Project("{FAE04EC0-301F-11D3-BF4B-00C04F79EFBC}") = "Oleg.Kleyman.Winrar.Interop", "Src\Oleg.Kleyman.Winrar.Interop\Oleg.Kleyman.Winrar.Interop.csproj", "{95F7BC77-D86F-43A5-A58C-E0D9842FDECF}"
EndProject
Project("{FAE04EC0-301F-11D3-BF4B-00C04F79EFBC}") = "Oleg.Kleyman.Winrar.Core", "Src\Oleg.Kleyman.Winrar.Core\Oleg.Kleyman.Winrar.Core.csproj", "{9E4749CF-3F04-4374-A6E3-91BAC775823A}"
EndProject
Project("{FAE04EC0-301F-11D3-BF4B-00C04F79EFBC}") = "Oleg.Kleyman.Winrar.Core.Tests.Integration", "Tests\Integration\Oleg.Kleyman.Winrar.Core.Tests.Integration\Oleg.Kleyman.Winrar.Core.Tests.Integration.csproj", "{1007AEDF-BA4B-44C8-B103-8F35FA052036}"
EndProject
Project("{FAE04EC0-301F-11D3-BF4B-00C04F79EFBC}") = "Oleg.Kleyman.Winrar.Core.Tests", "Tests\Unit\Oleg.Kleyman.Winrar.Core.Tests\Oleg.Kleyman.Winrar.Core.Tests.csproj", "{E15B29E3-1C76-4C2C-B1F6-E5F430903CD1}"
EndProject
Project("{FAE04EC0-301F-11D3-BF4B-00C04F79EFBC}") = "Oleg.Kleyman.Utorrent.Core.Tests.Integration", "Tests\Integration\Oleg.Kleyman.Utorrent.Core.Tests.Integration\Oleg.Kleyman.Utorrent.Core.Tests.Integration.csproj", "{730C358C-99A8-487F-9A0E-A8C2C8251A5E}"
EndProject
Project("{FAE04EC0-301F-11D3-BF4B-00C04F79EFBC}") = "Oleg.Kleyman.Utorrent.Core.Tests", "Tests\Unit\Oleg.Kleyman.Utorrent.Core.Tests\Oleg.Kleyman.Utorrent.Core.Tests.csproj", "{1D554A71-30D3-49B6-B66B-F9F1274FFA4D}"
EndProject
Project("{FAE04EC0-301F-11D3-BF4B-00C04F79EFBC}") = "Oleg.Kleyman.Utorrent.Core", "Src\Oleg.Kleyman.Utorrent.Core\Oleg.Kleyman.Utorrent.Core.csproj", "{5FE4820F-C331-4504-AE10-A8B1D6E2399E}"
EndProject
Global
	GlobalSection(SolutionConfigurationPlatforms) = preSolution
		Debug|Any CPU = Debug|Any CPU
		Release|Any CPU = Release|Any CPU
	EndGlobalSection
	GlobalSection(ProjectConfigurationPlatforms) = postSolution
		{0675E555-1684-4D3F-8423-C3CA2D9C5D71}.Debug|Any CPU.ActiveCfg = Debug|Any CPU
		{0675E555-1684-4D3F-8423-C3CA2D9C5D71}.Debug|Any CPU.Build.0 = Debug|Any CPU
		{0675E555-1684-4D3F-8423-C3CA2D9C5D71}.Release|Any CPU.ActiveCfg = Release|Any CPU
		{0675E555-1684-4D3F-8423-C3CA2D9C5D71}.Release|Any CPU.Build.0 = Release|Any CPU
		{E5860385-4532-4BDA-B835-ED7073BCEA31}.Debug|Any CPU.ActiveCfg = Debug|Any CPU
		{E5860385-4532-4BDA-B835-ED7073BCEA31}.Debug|Any CPU.Build.0 = Debug|Any CPU
		{E5860385-4532-4BDA-B835-ED7073BCEA31}.Release|Any CPU.ActiveCfg = Release|Any CPU
		{E5860385-4532-4BDA-B835-ED7073BCEA31}.Release|Any CPU.Build.0 = Release|Any CPU
		{036140E5-8AF1-4F93-A740-F70D5A5097BF}.Debug|Any CPU.ActiveCfg = Debug|Any CPU
		{036140E5-8AF1-4F93-A740-F70D5A5097BF}.Debug|Any CPU.Build.0 = Debug|Any CPU
		{036140E5-8AF1-4F93-A740-F70D5A5097BF}.Release|Any CPU.ActiveCfg = Release|Any CPU
		{036140E5-8AF1-4F93-A740-F70D5A5097BF}.Release|Any CPU.Build.0 = Release|Any CPU
		{A8C165C7-CAC1-4E3F-8C51-BD9E0B81B9D5}.Debug|Any CPU.ActiveCfg = Debug|Any CPU
		{A8C165C7-CAC1-4E3F-8C51-BD9E0B81B9D5}.Debug|Any CPU.Build.0 = Debug|Any CPU
		{A8C165C7-CAC1-4E3F-8C51-BD9E0B81B9D5}.Release|Any CPU.ActiveCfg = Release|Any CPU
		{A8C165C7-CAC1-4E3F-8C51-BD9E0B81B9D5}.Release|Any CPU.Build.0 = Release|Any CPU
		{DF64518E-4A2B-4DF7-9D99-D0650C7D06DF}.Debug|Any CPU.ActiveCfg = Debug|Any CPU
		{DF64518E-4A2B-4DF7-9D99-D0650C7D06DF}.Debug|Any CPU.Build.0 = Debug|Any CPU
		{DF64518E-4A2B-4DF7-9D99-D0650C7D06DF}.Release|Any CPU.ActiveCfg = Release|Any CPU
		{DF64518E-4A2B-4DF7-9D99-D0650C7D06DF}.Release|Any CPU.Build.0 = Release|Any CPU
		{A5ABABAB-9756-46E1-8719-0C5A45F84BCE}.Debug|Any CPU.ActiveCfg = Debug|Any CPU
		{A5ABABAB-9756-46E1-8719-0C5A45F84BCE}.Debug|Any CPU.Build.0 = Debug|Any CPU
		{A5ABABAB-9756-46E1-8719-0C5A45F84BCE}.Release|Any CPU.ActiveCfg = Release|Any CPU
		{A5ABABAB-9756-46E1-8719-0C5A45F84BCE}.Release|Any CPU.Build.0 = Release|Any CPU
		{95F7BC77-D86F-43A5-A58C-E0D9842FDECF}.Debug|Any CPU.ActiveCfg = Debug|Any CPU
		{95F7BC77-D86F-43A5-A58C-E0D9842FDECF}.Debug|Any CPU.Build.0 = Debug|Any CPU
		{95F7BC77-D86F-43A5-A58C-E0D9842FDECF}.Release|Any CPU.ActiveCfg = Release|Any CPU
		{95F7BC77-D86F-43A5-A58C-E0D9842FDECF}.Release|Any CPU.Build.0 = Release|Any CPU
		{9E4749CF-3F04-4374-A6E3-91BAC775823A}.Debug|Any CPU.ActiveCfg = Debug|Any CPU
		{9E4749CF-3F04-4374-A6E3-91BAC775823A}.Debug|Any CPU.Build.0 = Debug|Any CPU
		{9E4749CF-3F04-4374-A6E3-91BAC775823A}.Release|Any CPU.ActiveCfg = Release|Any CPU
		{9E4749CF-3F04-4374-A6E3-91BAC775823A}.Release|Any CPU.Build.0 = Release|Any CPU
		{1007AEDF-BA4B-44C8-B103-8F35FA052036}.Debug|Any CPU.ActiveCfg = Debug|Any CPU
		{1007AEDF-BA4B-44C8-B103-8F35FA052036}.Debug|Any CPU.Build.0 = Debug|Any CPU
		{1007AEDF-BA4B-44C8-B103-8F35FA052036}.Release|Any CPU.ActiveCfg = Release|Any CPU
		{1007AEDF-BA4B-44C8-B103-8F35FA052036}.Release|Any CPU.Build.0 = Release|Any CPU
		{E15B29E3-1C76-4C2C-B1F6-E5F430903CD1}.Debug|Any CPU.ActiveCfg = Debug|Any CPU
		{E15B29E3-1C76-4C2C-B1F6-E5F430903CD1}.Debug|Any CPU.Build.0 = Debug|Any CPU
		{E15B29E3-1C76-4C2C-B1F6-E5F430903CD1}.Release|Any CPU.ActiveCfg = Release|Any CPU
		{E15B29E3-1C76-4C2C-B1F6-E5F430903CD1}.Release|Any CPU.Build.0 = Release|Any CPU
		{730C358C-99A8-487F-9A0E-A8C2C8251A5E}.Debug|Any CPU.ActiveCfg = Debug|Any CPU
		{730C358C-99A8-487F-9A0E-A8C2C8251A5E}.Debug|Any CPU.Build.0 = Debug|Any CPU
		{730C358C-99A8-487F-9A0E-A8C2C8251A5E}.Release|Any CPU.ActiveCfg = Release|Any CPU
		{730C358C-99A8-487F-9A0E-A8C2C8251A5E}.Release|Any CPU.Build.0 = Release|Any CPU
		{1D554A71-30D3-49B6-B66B-F9F1274FFA4D}.Debug|Any CPU.ActiveCfg = Debug|Any CPU
		{1D554A71-30D3-49B6-B66B-F9F1274FFA4D}.Debug|Any CPU.Build.0 = Debug|Any CPU
		{1D554A71-30D3-49B6-B66B-F9F1274FFA4D}.Release|Any CPU.ActiveCfg = Release|Any CPU
		{1D554A71-30D3-49B6-B66B-F9F1274FFA4D}.Release|Any CPU.Build.0 = Release|Any CPU
		{5FE4820F-C331-4504-AE10-A8B1D6E2399E}.Debug|Any CPU.ActiveCfg = Debug|Any CPU
		{5FE4820F-C331-4504-AE10-A8B1D6E2399E}.Debug|Any CPU.Build.0 = Debug|Any CPU
		{5FE4820F-C331-4504-AE10-A8B1D6E2399E}.Release|Any CPU.ActiveCfg = Release|Any CPU
		{5FE4820F-C331-4504-AE10-A8B1D6E2399E}.Release|Any CPU.Build.0 = Release|Any CPU
	EndGlobalSection
	GlobalSection(SolutionProperties) = preSolution
		HideSolutionNode = FALSE
	EndGlobalSection
	GlobalSection(NestedProjects) = preSolution
		{036140E5-8AF1-4F93-A740-F70D5A5097BF} = {92B86929-5B59-4725-8088-C465FB4526DD}
		{A8C165C7-CAC1-4E3F-8C51-BD9E0B81B9D5} = {92B86929-5B59-4725-8088-C465FB4526DD}
		{E15B29E3-1C76-4C2C-B1F6-E5F430903CD1} = {92B86929-5B59-4725-8088-C465FB4526DD}
		{1D554A71-30D3-49B6-B66B-F9F1274FFA4D} = {92B86929-5B59-4725-8088-C465FB4526DD}
		{0675E555-1684-4D3F-8423-C3CA2D9C5D71} = {5AB51E71-F1B7-4D23-8FC2-8F53A443487A}
		{E5860385-4532-4BDA-B835-ED7073BCEA31} = {5AB51E71-F1B7-4D23-8FC2-8F53A443487A}
		{95F7BC77-D86F-43A5-A58C-E0D9842FDECF} = {5AB51E71-F1B7-4D23-8FC2-8F53A443487A}
		{9E4749CF-3F04-4374-A6E3-91BAC775823A} = {5AB51E71-F1B7-4D23-8FC2-8F53A443487A}
		{5FE4820F-C331-4504-AE10-A8B1D6E2399E} = {5AB51E71-F1B7-4D23-8FC2-8F53A443487A}
		{DF64518E-4A2B-4DF7-9D99-D0650C7D06DF} = {801C0731-0169-4B64-B23B-C4E9479F01FA}
		{A5ABABAB-9756-46E1-8719-0C5A45F84BCE} = {801C0731-0169-4B64-B23B-C4E9479F01FA}
		{1007AEDF-BA4B-44C8-B103-8F35FA052036} = {801C0731-0169-4B64-B23B-C4E9479F01FA}
		{730C358C-99A8-487F-9A0E-A8C2C8251A5E} = {801C0731-0169-4B64-B23B-C4E9479F01FA}
	EndGlobalSection
EndGlobal
