
Microsoft Visual Studio Solution File, Format Version 12.00
# Visual Studio 2012
Project("{FAE04EC0-301F-11D3-BF4B-00C04F79EFBC}") = "Oleg.Kleyman.Xbmc.Copier", "Src\Oleg.Kleyman.Xbmc.Copier\Oleg.Kleyman.Xbmc.Copier.csproj", "{DFF1AA3C-E4F8-41E9-A3F9-93170ED86A2B}"
EndProject
Project("{2150E333-8FDC-42A3-9474-1A3956D46DE8}") = "Src", "Src", "{CCD00B7B-FC83-45D6-A256-F2786E639BAE}"
EndProject
Project("{2150E333-8FDC-42A3-9474-1A3956D46DE8}") = "Tests", "Tests", "{B52FEF91-238A-4840-9F48-F4EF7660C4A7}"
EndProject
Project("{2150E333-8FDC-42A3-9474-1A3956D46DE8}") = "Tools", "Tools", "{042BE3E9-56DD-4FA9-9C78-EB36BA19EA04}"
EndProject
Project("{FAE04EC0-301F-11D3-BF4B-00C04F79EFBC}") = "Oleg.Kleyman.Xbmc.Copier.Core", "Src\Oleg.Kleyman.Xbmc.Copier.Core\Oleg.Kleyman.Xbmc.Copier.Core.csproj", "{FB57E4D2-D4A3-40DC-918F-58AEF6D3E275}"
EndProject
Project("{FAE04EC0-301F-11D3-BF4B-00C04F79EFBC}") = "Oleg.Kleyman.Xbmc.Copier.Tests.Integration", "Tests\Integration\Oleg.Kleyman.Xbmc.Copier.Tests.Integration\Oleg.Kleyman.Xbmc.Copier.Tests.Integration.csproj", "{1EE005F8-D012-4DC2-B3C0-257B73F19DF7}"
EndProject
Project("{FAE04EC0-301F-11D3-BF4B-00C04F79EFBC}") = "Oleg.Kleyman.Xbmc.Copier.Core.Tests", "Tests\Unit\Oleg.Kleyman.Xbmc.Copier.Core.Tests\Oleg.Kleyman.Xbmc.Copier.Core.Tests.csproj", "{E322BAB9-83CA-48B7-B97E-E7E04BD6E369}"
EndProject
Project("{FAE04EC0-301F-11D3-BF4B-00C04F79EFBC}") = "Oleg.Kleyman.Tests.Core", "..\Core\Src\Oleg.Kleyman.Tests.Core\Oleg.Kleyman.Tests.Core.csproj", "{E5860385-4532-4BDA-B835-ED7073BCEA31}"
EndProject
Project("{FAE04EC0-301F-11D3-BF4B-00C04F79EFBC}") = "Oleg.Kleyman.Tests.Core.Tests", "..\Core\Tests\Unit\Oleg.Kleyman.Tests.Core.Tests\Oleg.Kleyman.Tests.Core.Tests.csproj", "{A8C165C7-CAC1-4E3F-8C51-BD9E0B81B9D5}"
EndProject
Project("{FAE04EC0-301F-11D3-BF4B-00C04F79EFBC}") = "Oleg.Kleyman.Core", "..\Core\Src\Oleg.Kleyman.Core\Oleg.Kleyman.Core.csproj", "{0675E555-1684-4D3F-8423-C3CA2D9C5D71}"
EndProject
Project("{FAE04EC0-301F-11D3-BF4B-00C04F79EFBC}") = "Oleg.Kleyman.Core.Tests", "..\Core\Tests\Unit\Oleg.Kleyman.Core.Tests\Oleg.Kleyman.Core.Tests.csproj", "{036140E5-8AF1-4F93-A740-F70D5A5097BF}"
EndProject
Project("{2150E333-8FDC-42A3-9474-1A3956D46DE8}") = "Unit", "Unit", "{FFD17ED4-1F28-4117-95CB-99E9E09443E4}"
EndProject
Project("{2150E333-8FDC-42A3-9474-1A3956D46DE8}") = "Integration", "Integration", "{F84D9C17-5FE1-425B-8188-B67F771A7913}"
EndProject
Project("{FAE04EC0-301F-11D3-BF4B-00C04F79EFBC}") = "Oleg.Kleyman.Core.Tests.Integration", "..\Core\Tests\Integration\Oleg.Kleyman.Core.Tests.Integration\Oleg.Kleyman.Core.Tests.Integration.csproj", "{DF64518E-4A2B-4DF7-9D99-D0650C7D06DF}"
EndProject
Project("{FAE04EC0-301F-11D3-BF4B-00C04F79EFBC}") = "Oleg.Kleyman.Winrar.Interop", "..\Core\Src\Oleg.Kleyman.Winrar.Interop\Oleg.Kleyman.Winrar.Interop.csproj", "{95F7BC77-D86F-43A5-A58C-E0D9842FDECF}"
EndProject
Project("{FAE04EC0-301F-11D3-BF4B-00C04F79EFBC}") = "Oleg.Kleyman.Winrar.Interop.Tests.Integration", "..\Core\Tests\Integration\Oleg.Kleyman.Winrar.Interop.Tests.Integration\Oleg.Kleyman.Winrar.Interop.Tests.Integration.csproj", "{A5ABABAB-9756-46E1-8719-0C5A45F84BCE}"
EndProject
Project("{FAE04EC0-301F-11D3-BF4B-00C04F79EFBC}") = "Oleg.Kleyman.Winrar.Core", "..\Core\Src\Oleg.Kleyman.Winrar.Core\Oleg.Kleyman.Winrar.Core.csproj", "{9E4749CF-3F04-4374-A6E3-91BAC775823A}"
EndProject
Project("{FAE04EC0-301F-11D3-BF4B-00C04F79EFBC}") = "Oleg.Kleyman.Tests.Integration", "..\Core\Tests\Integration\Oleg.Kleyman.Tests.Integration\Oleg.Kleyman.Tests.Integration.csproj", "{74A755DB-79D8-450F-AC82-AA143D91EF75}"
EndProject
Project("{FAE04EC0-301F-11D3-BF4B-00C04F79EFBC}") = "Oleg.Kleyman.Utorrent.Core", "..\Core\Src\Oleg.Kleyman.Utorrent.Core\Oleg.Kleyman.Utorrent.Core.csproj", "{5FE4820F-C331-4504-AE10-A8B1D6E2399E}"
EndProject
Project("{FAE04EC0-301F-11D3-BF4B-00C04F79EFBC}") = "Oleg.Kleyman.Utorrent.Core.Tests.Integration", "..\Core\Tests\Integration\Oleg.Kleyman.Utorrent.Core.Tests.Integration\Oleg.Kleyman.Utorrent.Core.Tests.Integration.csproj", "{730C358C-99A8-487F-9A0E-A8C2C8251A5E}"
EndProject
Project("{FAE04EC0-301F-11D3-BF4B-00C04F79EFBC}") = "Oleg.Kleyman.Utorrent.Core.Tests", "..\Core\Tests\Unit\Oleg.Kleyman.Utorrent.Core.Tests\Oleg.Kleyman.Utorrent.Core.Tests.csproj", "{1D554A71-30D3-49B6-B66B-F9F1274FFA4D}"
EndProject
Global
	GlobalSection(SolutionConfigurationPlatforms) = preSolution
		Debug|Any CPU = Debug|Any CPU
		Debug|Mixed Platforms = Debug|Mixed Platforms
		Debug|x86 = Debug|x86
		Release|Any CPU = Release|Any CPU
		Release|Mixed Platforms = Release|Mixed Platforms
		Release|x86 = Release|x86
	EndGlobalSection
	GlobalSection(ProjectConfigurationPlatforms) = postSolution
		{DFF1AA3C-E4F8-41E9-A3F9-93170ED86A2B}.Debug|Any CPU.ActiveCfg = Debug|Any CPU
		{DFF1AA3C-E4F8-41E9-A3F9-93170ED86A2B}.Debug|Any CPU.Build.0 = Debug|Any CPU
		{DFF1AA3C-E4F8-41E9-A3F9-93170ED86A2B}.Debug|Mixed Platforms.ActiveCfg = Debug|x86
		{DFF1AA3C-E4F8-41E9-A3F9-93170ED86A2B}.Debug|Mixed Platforms.Build.0 = Debug|x86
		{DFF1AA3C-E4F8-41E9-A3F9-93170ED86A2B}.Debug|x86.ActiveCfg = Debug|x86
		{DFF1AA3C-E4F8-41E9-A3F9-93170ED86A2B}.Debug|x86.Build.0 = Debug|x86
		{DFF1AA3C-E4F8-41E9-A3F9-93170ED86A2B}.Release|Any CPU.ActiveCfg = Release|Any CPU
		{DFF1AA3C-E4F8-41E9-A3F9-93170ED86A2B}.Release|Any CPU.Build.0 = Release|Any CPU
		{DFF1AA3C-E4F8-41E9-A3F9-93170ED86A2B}.Release|Mixed Platforms.ActiveCfg = Release|x86
		{DFF1AA3C-E4F8-41E9-A3F9-93170ED86A2B}.Release|Mixed Platforms.Build.0 = Release|x86
		{DFF1AA3C-E4F8-41E9-A3F9-93170ED86A2B}.Release|x86.ActiveCfg = Release|x86
		{DFF1AA3C-E4F8-41E9-A3F9-93170ED86A2B}.Release|x86.Build.0 = Release|x86
		{FB57E4D2-D4A3-40DC-918F-58AEF6D3E275}.Debug|Any CPU.ActiveCfg = Debug|Any CPU
		{FB57E4D2-D4A3-40DC-918F-58AEF6D3E275}.Debug|Any CPU.Build.0 = Debug|Any CPU
		{FB57E4D2-D4A3-40DC-918F-58AEF6D3E275}.Debug|Mixed Platforms.ActiveCfg = Debug|Any CPU
		{FB57E4D2-D4A3-40DC-918F-58AEF6D3E275}.Debug|Mixed Platforms.Build.0 = Debug|Any CPU
		{FB57E4D2-D4A3-40DC-918F-58AEF6D3E275}.Debug|x86.ActiveCfg = Debug|Any CPU
		{FB57E4D2-D4A3-40DC-918F-58AEF6D3E275}.Release|Any CPU.ActiveCfg = Release|Any CPU
		{FB57E4D2-D4A3-40DC-918F-58AEF6D3E275}.Release|Any CPU.Build.0 = Release|Any CPU
		{FB57E4D2-D4A3-40DC-918F-58AEF6D3E275}.Release|Mixed Platforms.ActiveCfg = Release|Any CPU
		{FB57E4D2-D4A3-40DC-918F-58AEF6D3E275}.Release|Mixed Platforms.Build.0 = Release|Any CPU
		{FB57E4D2-D4A3-40DC-918F-58AEF6D3E275}.Release|x86.ActiveCfg = Release|Any CPU
		{1EE005F8-D012-4DC2-B3C0-257B73F19DF7}.Debug|Any CPU.ActiveCfg = Debug|Any CPU
		{1EE005F8-D012-4DC2-B3C0-257B73F19DF7}.Debug|Any CPU.Build.0 = Debug|Any CPU
		{1EE005F8-D012-4DC2-B3C0-257B73F19DF7}.Debug|Mixed Platforms.ActiveCfg = Debug|Any CPU
		{1EE005F8-D012-4DC2-B3C0-257B73F19DF7}.Debug|Mixed Platforms.Build.0 = Debug|Any CPU
		{1EE005F8-D012-4DC2-B3C0-257B73F19DF7}.Debug|x86.ActiveCfg = Debug|Any CPU
		{1EE005F8-D012-4DC2-B3C0-257B73F19DF7}.Release|Any CPU.ActiveCfg = Release|Any CPU
		{1EE005F8-D012-4DC2-B3C0-257B73F19DF7}.Release|Any CPU.Build.0 = Release|Any CPU
		{1EE005F8-D012-4DC2-B3C0-257B73F19DF7}.Release|Mixed Platforms.ActiveCfg = Release|Any CPU
		{1EE005F8-D012-4DC2-B3C0-257B73F19DF7}.Release|Mixed Platforms.Build.0 = Release|Any CPU
		{1EE005F8-D012-4DC2-B3C0-257B73F19DF7}.Release|x86.ActiveCfg = Release|Any CPU
		{E322BAB9-83CA-48B7-B97E-E7E04BD6E369}.Debug|Any CPU.ActiveCfg = Debug|Any CPU
		{E322BAB9-83CA-48B7-B97E-E7E04BD6E369}.Debug|Any CPU.Build.0 = Debug|Any CPU
		{E322BAB9-83CA-48B7-B97E-E7E04BD6E369}.Debug|Mixed Platforms.ActiveCfg = Debug|Any CPU
		{E322BAB9-83CA-48B7-B97E-E7E04BD6E369}.Debug|Mixed Platforms.Build.0 = Debug|Any CPU
		{E322BAB9-83CA-48B7-B97E-E7E04BD6E369}.Debug|x86.ActiveCfg = Debug|Any CPU
		{E322BAB9-83CA-48B7-B97E-E7E04BD6E369}.Release|Any CPU.ActiveCfg = Release|Any CPU
		{E322BAB9-83CA-48B7-B97E-E7E04BD6E369}.Release|Any CPU.Build.0 = Release|Any CPU
		{E322BAB9-83CA-48B7-B97E-E7E04BD6E369}.Release|Mixed Platforms.ActiveCfg = Release|Any CPU
		{E322BAB9-83CA-48B7-B97E-E7E04BD6E369}.Release|Mixed Platforms.Build.0 = Release|Any CPU
		{E322BAB9-83CA-48B7-B97E-E7E04BD6E369}.Release|x86.ActiveCfg = Release|Any CPU
		{E5860385-4532-4BDA-B835-ED7073BCEA31}.Debug|Any CPU.ActiveCfg = Debug|Any CPU
		{E5860385-4532-4BDA-B835-ED7073BCEA31}.Debug|Any CPU.Build.0 = Debug|Any CPU
		{E5860385-4532-4BDA-B835-ED7073BCEA31}.Debug|Mixed Platforms.ActiveCfg = Debug|Any CPU
		{E5860385-4532-4BDA-B835-ED7073BCEA31}.Debug|Mixed Platforms.Build.0 = Debug|Any CPU
		{E5860385-4532-4BDA-B835-ED7073BCEA31}.Debug|x86.ActiveCfg = Debug|Any CPU
		{E5860385-4532-4BDA-B835-ED7073BCEA31}.Release|Any CPU.ActiveCfg = Release|Any CPU
		{E5860385-4532-4BDA-B835-ED7073BCEA31}.Release|Any CPU.Build.0 = Release|Any CPU
		{E5860385-4532-4BDA-B835-ED7073BCEA31}.Release|Mixed Platforms.ActiveCfg = Release|Any CPU
		{E5860385-4532-4BDA-B835-ED7073BCEA31}.Release|Mixed Platforms.Build.0 = Release|Any CPU
		{E5860385-4532-4BDA-B835-ED7073BCEA31}.Release|x86.ActiveCfg = Release|Any CPU
		{A8C165C7-CAC1-4E3F-8C51-BD9E0B81B9D5}.Debug|Any CPU.ActiveCfg = Debug|Any CPU
		{A8C165C7-CAC1-4E3F-8C51-BD9E0B81B9D5}.Debug|Any CPU.Build.0 = Debug|Any CPU
		{A8C165C7-CAC1-4E3F-8C51-BD9E0B81B9D5}.Debug|Mixed Platforms.ActiveCfg = Debug|Any CPU
		{A8C165C7-CAC1-4E3F-8C51-BD9E0B81B9D5}.Debug|Mixed Platforms.Build.0 = Debug|Any CPU
		{A8C165C7-CAC1-4E3F-8C51-BD9E0B81B9D5}.Debug|x86.ActiveCfg = Debug|Any CPU
		{A8C165C7-CAC1-4E3F-8C51-BD9E0B81B9D5}.Release|Any CPU.ActiveCfg = Release|Any CPU
		{A8C165C7-CAC1-4E3F-8C51-BD9E0B81B9D5}.Release|Any CPU.Build.0 = Release|Any CPU
		{A8C165C7-CAC1-4E3F-8C51-BD9E0B81B9D5}.Release|Mixed Platforms.ActiveCfg = Release|Any CPU
		{A8C165C7-CAC1-4E3F-8C51-BD9E0B81B9D5}.Release|Mixed Platforms.Build.0 = Release|Any CPU
		{A8C165C7-CAC1-4E3F-8C51-BD9E0B81B9D5}.Release|x86.ActiveCfg = Release|Any CPU
		{0675E555-1684-4D3F-8423-C3CA2D9C5D71}.Debug|Any CPU.ActiveCfg = Debug|Any CPU
		{0675E555-1684-4D3F-8423-C3CA2D9C5D71}.Debug|Any CPU.Build.0 = Debug|Any CPU
		{0675E555-1684-4D3F-8423-C3CA2D9C5D71}.Debug|Mixed Platforms.ActiveCfg = Debug|Any CPU
		{0675E555-1684-4D3F-8423-C3CA2D9C5D71}.Debug|Mixed Platforms.Build.0 = Debug|Any CPU
		{0675E555-1684-4D3F-8423-C3CA2D9C5D71}.Debug|x86.ActiveCfg = Debug|Any CPU
		{0675E555-1684-4D3F-8423-C3CA2D9C5D71}.Release|Any CPU.ActiveCfg = Release|Any CPU
		{0675E555-1684-4D3F-8423-C3CA2D9C5D71}.Release|Any CPU.Build.0 = Release|Any CPU
		{0675E555-1684-4D3F-8423-C3CA2D9C5D71}.Release|Mixed Platforms.ActiveCfg = Release|Any CPU
		{0675E555-1684-4D3F-8423-C3CA2D9C5D71}.Release|Mixed Platforms.Build.0 = Release|Any CPU
		{0675E555-1684-4D3F-8423-C3CA2D9C5D71}.Release|x86.ActiveCfg = Release|Any CPU
		{036140E5-8AF1-4F93-A740-F70D5A5097BF}.Debug|Any CPU.ActiveCfg = Debug|Any CPU
		{036140E5-8AF1-4F93-A740-F70D5A5097BF}.Debug|Any CPU.Build.0 = Debug|Any CPU
		{036140E5-8AF1-4F93-A740-F70D5A5097BF}.Debug|Mixed Platforms.ActiveCfg = Debug|Any CPU
		{036140E5-8AF1-4F93-A740-F70D5A5097BF}.Debug|Mixed Platforms.Build.0 = Debug|Any CPU
		{036140E5-8AF1-4F93-A740-F70D5A5097BF}.Debug|x86.ActiveCfg = Debug|Any CPU
		{036140E5-8AF1-4F93-A740-F70D5A5097BF}.Release|Any CPU.ActiveCfg = Release|Any CPU
		{036140E5-8AF1-4F93-A740-F70D5A5097BF}.Release|Any CPU.Build.0 = Release|Any CPU
		{036140E5-8AF1-4F93-A740-F70D5A5097BF}.Release|Mixed Platforms.ActiveCfg = Release|Any CPU
		{036140E5-8AF1-4F93-A740-F70D5A5097BF}.Release|Mixed Platforms.Build.0 = Release|Any CPU
		{036140E5-8AF1-4F93-A740-F70D5A5097BF}.Release|x86.ActiveCfg = Release|Any CPU
		{DF64518E-4A2B-4DF7-9D99-D0650C7D06DF}.Debug|Any CPU.ActiveCfg = Debug|Any CPU
		{DF64518E-4A2B-4DF7-9D99-D0650C7D06DF}.Debug|Any CPU.Build.0 = Debug|Any CPU
		{DF64518E-4A2B-4DF7-9D99-D0650C7D06DF}.Debug|Mixed Platforms.ActiveCfg = Debug|Any CPU
		{DF64518E-4A2B-4DF7-9D99-D0650C7D06DF}.Debug|Mixed Platforms.Build.0 = Debug|Any CPU
		{DF64518E-4A2B-4DF7-9D99-D0650C7D06DF}.Debug|x86.ActiveCfg = Debug|Any CPU
		{DF64518E-4A2B-4DF7-9D99-D0650C7D06DF}.Release|Any CPU.ActiveCfg = Release|Any CPU
		{DF64518E-4A2B-4DF7-9D99-D0650C7D06DF}.Release|Any CPU.Build.0 = Release|Any CPU
		{DF64518E-4A2B-4DF7-9D99-D0650C7D06DF}.Release|Mixed Platforms.ActiveCfg = Release|Any CPU
		{DF64518E-4A2B-4DF7-9D99-D0650C7D06DF}.Release|Mixed Platforms.Build.0 = Release|Any CPU
		{DF64518E-4A2B-4DF7-9D99-D0650C7D06DF}.Release|x86.ActiveCfg = Release|Any CPU
		{95F7BC77-D86F-43A5-A58C-E0D9842FDECF}.Debug|Any CPU.ActiveCfg = Debug|Any CPU
		{95F7BC77-D86F-43A5-A58C-E0D9842FDECF}.Debug|Any CPU.Build.0 = Debug|Any CPU
		{95F7BC77-D86F-43A5-A58C-E0D9842FDECF}.Debug|Mixed Platforms.ActiveCfg = Debug|Any CPU
		{95F7BC77-D86F-43A5-A58C-E0D9842FDECF}.Debug|Mixed Platforms.Build.0 = Debug|Any CPU
		{95F7BC77-D86F-43A5-A58C-E0D9842FDECF}.Debug|x86.ActiveCfg = Debug|Any CPU
		{95F7BC77-D86F-43A5-A58C-E0D9842FDECF}.Release|Any CPU.ActiveCfg = Release|Any CPU
		{95F7BC77-D86F-43A5-A58C-E0D9842FDECF}.Release|Any CPU.Build.0 = Release|Any CPU
		{95F7BC77-D86F-43A5-A58C-E0D9842FDECF}.Release|Mixed Platforms.ActiveCfg = Release|Any CPU
		{95F7BC77-D86F-43A5-A58C-E0D9842FDECF}.Release|Mixed Platforms.Build.0 = Release|Any CPU
		{95F7BC77-D86F-43A5-A58C-E0D9842FDECF}.Release|x86.ActiveCfg = Release|Any CPU
		{A5ABABAB-9756-46E1-8719-0C5A45F84BCE}.Debug|Any CPU.ActiveCfg = Debug|Any CPU
		{A5ABABAB-9756-46E1-8719-0C5A45F84BCE}.Debug|Any CPU.Build.0 = Debug|Any CPU
		{A5ABABAB-9756-46E1-8719-0C5A45F84BCE}.Debug|Mixed Platforms.ActiveCfg = Debug|Any CPU
		{A5ABABAB-9756-46E1-8719-0C5A45F84BCE}.Debug|Mixed Platforms.Build.0 = Debug|Any CPU
		{A5ABABAB-9756-46E1-8719-0C5A45F84BCE}.Debug|x86.ActiveCfg = Debug|Any CPU
		{A5ABABAB-9756-46E1-8719-0C5A45F84BCE}.Release|Any CPU.ActiveCfg = Release|Any CPU
		{A5ABABAB-9756-46E1-8719-0C5A45F84BCE}.Release|Any CPU.Build.0 = Release|Any CPU
		{A5ABABAB-9756-46E1-8719-0C5A45F84BCE}.Release|Mixed Platforms.ActiveCfg = Release|Any CPU
		{A5ABABAB-9756-46E1-8719-0C5A45F84BCE}.Release|Mixed Platforms.Build.0 = Release|Any CPU
		{A5ABABAB-9756-46E1-8719-0C5A45F84BCE}.Release|x86.ActiveCfg = Release|Any CPU
		{9E4749CF-3F04-4374-A6E3-91BAC775823A}.Debug|Any CPU.ActiveCfg = Debug|Any CPU
		{9E4749CF-3F04-4374-A6E3-91BAC775823A}.Debug|Any CPU.Build.0 = Debug|Any CPU
		{9E4749CF-3F04-4374-A6E3-91BAC775823A}.Debug|Mixed Platforms.ActiveCfg = Debug|Any CPU
		{9E4749CF-3F04-4374-A6E3-91BAC775823A}.Debug|Mixed Platforms.Build.0 = Debug|Any CPU
		{9E4749CF-3F04-4374-A6E3-91BAC775823A}.Debug|x86.ActiveCfg = Debug|Any CPU
		{9E4749CF-3F04-4374-A6E3-91BAC775823A}.Release|Any CPU.ActiveCfg = Release|Any CPU
		{9E4749CF-3F04-4374-A6E3-91BAC775823A}.Release|Any CPU.Build.0 = Release|Any CPU
		{9E4749CF-3F04-4374-A6E3-91BAC775823A}.Release|Mixed Platforms.ActiveCfg = Release|Any CPU
		{9E4749CF-3F04-4374-A6E3-91BAC775823A}.Release|Mixed Platforms.Build.0 = Release|Any CPU
		{9E4749CF-3F04-4374-A6E3-91BAC775823A}.Release|x86.ActiveCfg = Release|Any CPU
		{74A755DB-79D8-450F-AC82-AA143D91EF75}.Debug|Any CPU.ActiveCfg = Debug|Any CPU
		{74A755DB-79D8-450F-AC82-AA143D91EF75}.Debug|Any CPU.Build.0 = Debug|Any CPU
		{74A755DB-79D8-450F-AC82-AA143D91EF75}.Debug|Mixed Platforms.ActiveCfg = Debug|Any CPU
		{74A755DB-79D8-450F-AC82-AA143D91EF75}.Debug|Mixed Platforms.Build.0 = Debug|Any CPU
		{74A755DB-79D8-450F-AC82-AA143D91EF75}.Debug|x86.ActiveCfg = Debug|Any CPU
		{74A755DB-79D8-450F-AC82-AA143D91EF75}.Release|Any CPU.ActiveCfg = Release|Any CPU
		{74A755DB-79D8-450F-AC82-AA143D91EF75}.Release|Any CPU.Build.0 = Release|Any CPU
		{74A755DB-79D8-450F-AC82-AA143D91EF75}.Release|Mixed Platforms.ActiveCfg = Release|Any CPU
		{74A755DB-79D8-450F-AC82-AA143D91EF75}.Release|Mixed Platforms.Build.0 = Release|Any CPU
		{74A755DB-79D8-450F-AC82-AA143D91EF75}.Release|x86.ActiveCfg = Release|Any CPU
		{5FE4820F-C331-4504-AE10-A8B1D6E2399E}.Debug|Any CPU.ActiveCfg = Debug|Any CPU
		{5FE4820F-C331-4504-AE10-A8B1D6E2399E}.Debug|Any CPU.Build.0 = Debug|Any CPU
		{5FE4820F-C331-4504-AE10-A8B1D6E2399E}.Debug|Mixed Platforms.ActiveCfg = Debug|Any CPU
		{5FE4820F-C331-4504-AE10-A8B1D6E2399E}.Debug|Mixed Platforms.Build.0 = Debug|Any CPU
		{5FE4820F-C331-4504-AE10-A8B1D6E2399E}.Debug|x86.ActiveCfg = Debug|Any CPU
		{5FE4820F-C331-4504-AE10-A8B1D6E2399E}.Release|Any CPU.ActiveCfg = Release|Any CPU
		{5FE4820F-C331-4504-AE10-A8B1D6E2399E}.Release|Any CPU.Build.0 = Release|Any CPU
		{5FE4820F-C331-4504-AE10-A8B1D6E2399E}.Release|Mixed Platforms.ActiveCfg = Release|Any CPU
		{5FE4820F-C331-4504-AE10-A8B1D6E2399E}.Release|Mixed Platforms.Build.0 = Release|Any CPU
		{5FE4820F-C331-4504-AE10-A8B1D6E2399E}.Release|x86.ActiveCfg = Release|Any CPU
		{730C358C-99A8-487F-9A0E-A8C2C8251A5E}.Debug|Any CPU.ActiveCfg = Debug|Any CPU
		{730C358C-99A8-487F-9A0E-A8C2C8251A5E}.Debug|Any CPU.Build.0 = Debug|Any CPU
		{730C358C-99A8-487F-9A0E-A8C2C8251A5E}.Debug|Mixed Platforms.ActiveCfg = Debug|Any CPU
		{730C358C-99A8-487F-9A0E-A8C2C8251A5E}.Debug|Mixed Platforms.Build.0 = Debug|Any CPU
		{730C358C-99A8-487F-9A0E-A8C2C8251A5E}.Debug|x86.ActiveCfg = Debug|Any CPU
		{730C358C-99A8-487F-9A0E-A8C2C8251A5E}.Release|Any CPU.ActiveCfg = Release|Any CPU
		{730C358C-99A8-487F-9A0E-A8C2C8251A5E}.Release|Any CPU.Build.0 = Release|Any CPU
		{730C358C-99A8-487F-9A0E-A8C2C8251A5E}.Release|Mixed Platforms.ActiveCfg = Release|Any CPU
		{730C358C-99A8-487F-9A0E-A8C2C8251A5E}.Release|Mixed Platforms.Build.0 = Release|Any CPU
		{730C358C-99A8-487F-9A0E-A8C2C8251A5E}.Release|x86.ActiveCfg = Release|Any CPU
		{1D554A71-30D3-49B6-B66B-F9F1274FFA4D}.Debug|Any CPU.ActiveCfg = Debug|Any CPU
		{1D554A71-30D3-49B6-B66B-F9F1274FFA4D}.Debug|Any CPU.Build.0 = Debug|Any CPU
		{1D554A71-30D3-49B6-B66B-F9F1274FFA4D}.Debug|Mixed Platforms.ActiveCfg = Debug|Any CPU
		{1D554A71-30D3-49B6-B66B-F9F1274FFA4D}.Debug|Mixed Platforms.Build.0 = Debug|Any CPU
		{1D554A71-30D3-49B6-B66B-F9F1274FFA4D}.Debug|x86.ActiveCfg = Debug|Any CPU
		{1D554A71-30D3-49B6-B66B-F9F1274FFA4D}.Release|Any CPU.ActiveCfg = Release|Any CPU
		{1D554A71-30D3-49B6-B66B-F9F1274FFA4D}.Release|Any CPU.Build.0 = Release|Any CPU
		{1D554A71-30D3-49B6-B66B-F9F1274FFA4D}.Release|Mixed Platforms.ActiveCfg = Release|Any CPU
		{1D554A71-30D3-49B6-B66B-F9F1274FFA4D}.Release|Mixed Platforms.Build.0 = Release|Any CPU
		{1D554A71-30D3-49B6-B66B-F9F1274FFA4D}.Release|x86.ActiveCfg = Release|Any CPU
	EndGlobalSection
	GlobalSection(SolutionProperties) = preSolution
		HideSolutionNode = FALSE
	EndGlobalSection
	GlobalSection(NestedProjects) = preSolution
		{DFF1AA3C-E4F8-41E9-A3F9-93170ED86A2B} = {042BE3E9-56DD-4FA9-9C78-EB36BA19EA04}
		{FB57E4D2-D4A3-40DC-918F-58AEF6D3E275} = {CCD00B7B-FC83-45D6-A256-F2786E639BAE}
		{E5860385-4532-4BDA-B835-ED7073BCEA31} = {CCD00B7B-FC83-45D6-A256-F2786E639BAE}
		{0675E555-1684-4D3F-8423-C3CA2D9C5D71} = {CCD00B7B-FC83-45D6-A256-F2786E639BAE}
		{95F7BC77-D86F-43A5-A58C-E0D9842FDECF} = {CCD00B7B-FC83-45D6-A256-F2786E639BAE}
		{9E4749CF-3F04-4374-A6E3-91BAC775823A} = {CCD00B7B-FC83-45D6-A256-F2786E639BAE}
		{5FE4820F-C331-4504-AE10-A8B1D6E2399E} = {CCD00B7B-FC83-45D6-A256-F2786E639BAE}
		{F84D9C17-5FE1-425B-8188-B67F771A7913} = {B52FEF91-238A-4840-9F48-F4EF7660C4A7}
		{FFD17ED4-1F28-4117-95CB-99E9E09443E4} = {B52FEF91-238A-4840-9F48-F4EF7660C4A7}
		{1EE005F8-D012-4DC2-B3C0-257B73F19DF7} = {F84D9C17-5FE1-425B-8188-B67F771A7913}
		{DF64518E-4A2B-4DF7-9D99-D0650C7D06DF} = {F84D9C17-5FE1-425B-8188-B67F771A7913}
		{A5ABABAB-9756-46E1-8719-0C5A45F84BCE} = {F84D9C17-5FE1-425B-8188-B67F771A7913}
		{74A755DB-79D8-450F-AC82-AA143D91EF75} = {F84D9C17-5FE1-425B-8188-B67F771A7913}
		{730C358C-99A8-487F-9A0E-A8C2C8251A5E} = {F84D9C17-5FE1-425B-8188-B67F771A7913}
		{A8C165C7-CAC1-4E3F-8C51-BD9E0B81B9D5} = {FFD17ED4-1F28-4117-95CB-99E9E09443E4}
		{036140E5-8AF1-4F93-A740-F70D5A5097BF} = {FFD17ED4-1F28-4117-95CB-99E9E09443E4}
		{E322BAB9-83CA-48B7-B97E-E7E04BD6E369} = {FFD17ED4-1F28-4117-95CB-99E9E09443E4}
		{1D554A71-30D3-49B6-B66B-F9F1274FFA4D} = {FFD17ED4-1F28-4117-95CB-99E9E09443E4}
	EndGlobalSection
EndGlobal
